
Microsoft Visual Studio Solution File, Format Version 12.00
# Visual Studio Version 16
VisualStudioVersion = 16.0.29001.49
MinimumVisualStudioVersion = 10.0.40219.1
Project("{FAE04EC0-301F-11D3-BF4B-00C04F79EFBC}") = "lab6LeapYear", "lab6LeapYear\lab6LeapYear.csproj", "{FF7331D0-F5F0-4328-A71C-B8FFAFE81F7F}"
EndProject
Global
	GlobalSection(SolutionConfigurationPlatforms) = preSolution
		Debug|Any CPU = Debug|Any CPU
		Release|Any CPU = Release|Any CPU
	EndGlobalSection
	GlobalSection(ProjectConfigurationPlatforms) = postSolution
		{FF7331D0-F5F0-4328-A71C-B8FFAFE81F7F}.Debug|Any CPU.ActiveCfg = Debug|Any CPU
		{FF7331D0-F5F0-4328-A71C-B8FFAFE81F7F}.Debug|Any CPU.Build.0 = Debug|Any CPU
		{FF7331D0-F5F0-4328-A71C-B8FFAFE81F7F}.Release|Any CPU.ActiveCfg = Release|Any CPU
		{FF7331D0-F5F0-4328-A71C-B8FFAFE81F7F}.Release|Any CPU.Build.0 = Release|Any CPU
	EndGlobalSection
	GlobalSection(SolutionProperties) = preSolution
		HideSolutionNode = FALSE
	EndGlobalSection
	GlobalSection(ExtensibilityGlobals) = postSolution
		SolutionGuid = {51DA16BD-011A-43B7-A3B4-98EA8865B450}
	EndGlobalSection
EndGlobal
