
Microsoft Visual Studio Solution File, Format Version 12.00
# Visual Studio Version 16
VisualStudioVersion = 16.0.29001.49
MinimumVisualStudioVersion = 10.0.40219.1
Project("{FAE04EC0-301F-11D3-BF4B-00C04F79EFBC}") = "MethodLab", "MethodLab\MethodLab.csproj", "{BF6ACB59-10D7-4895-8CBC-D2E7EA25B584}"
EndProject
Global
	GlobalSection(SolutionConfigurationPlatforms) = preSolution
		Debug|Any CPU = Debug|Any CPU
		Release|Any CPU = Release|Any CPU
	EndGlobalSection
	GlobalSection(ProjectConfigurationPlatforms) = postSolution
		{BF6ACB59-10D7-4895-8CBC-D2E7EA25B584}.Debug|Any CPU.ActiveCfg = Debug|Any CPU
		{BF6ACB59-10D7-4895-8CBC-D2E7EA25B584}.Debug|Any CPU.Build.0 = Debug|Any CPU
		{BF6ACB59-10D7-4895-8CBC-D2E7EA25B584}.Release|Any CPU.ActiveCfg = Release|Any CPU
		{BF6ACB59-10D7-4895-8CBC-D2E7EA25B584}.Release|Any CPU.Build.0 = Release|Any CPU
	EndGlobalSection
	GlobalSection(SolutionProperties) = preSolution
		HideSolutionNode = FALSE
	EndGlobalSection
	GlobalSection(ExtensibilityGlobals) = postSolution
		SolutionGuid = {C84A0600-F992-4C8C-9CB2-43674B02B51E}
	EndGlobalSection
EndGlobal
