
Microsoft Visual Studio Solution File, Format Version 12.00
# Visual Studio Version 16
VisualStudioVersion = 16.0.29215.179
MinimumVisualStudioVersion = 10.0.40219.1
Project("{FAE04EC0-301F-11D3-BF4B-00C04F79EFBC}") = "MontyHallHW4", "MontyHallHW4\MontyHallHW4.csproj", "{ADE66E89-439F-490C-B615-B7A0ACA65B6F}"
EndProject
Global
	GlobalSection(SolutionConfigurationPlatforms) = preSolution
		Debug|Any CPU = Debug|Any CPU
		Release|Any CPU = Release|Any CPU
	EndGlobalSection
	GlobalSection(ProjectConfigurationPlatforms) = postSolution
		{ADE66E89-439F-490C-B615-B7A0ACA65B6F}.Debug|Any CPU.ActiveCfg = Debug|Any CPU
		{ADE66E89-439F-490C-B615-B7A0ACA65B6F}.Debug|Any CPU.Build.0 = Debug|Any CPU
		{ADE66E89-439F-490C-B615-B7A0ACA65B6F}.Release|Any CPU.ActiveCfg = Release|Any CPU
		{ADE66E89-439F-490C-B615-B7A0ACA65B6F}.Release|Any CPU.Build.0 = Release|Any CPU
	EndGlobalSection
	GlobalSection(SolutionProperties) = preSolution
		HideSolutionNode = FALSE
	EndGlobalSection
	GlobalSection(ExtensibilityGlobals) = postSolution
		SolutionGuid = {5FEA735D-0E51-4615-BD64-41ACC91C6125}
	EndGlobalSection
EndGlobal
