
Microsoft Visual Studio Solution File, Format Version 12.00
# Visual Studio Version 16
VisualStudioVersion = 16.0.29001.49
MinimumVisualStudioVersion = 10.0.40219.1
Project("{FAE04EC0-301F-11D3-BF4B-00C04F79EFBC}") = "codeIWrote", "codeIWrote\codeIWrote.csproj", "{8537D01D-E225-4C1B-B6FD-784C678DE7E7}"
EndProject
Global
	GlobalSection(SolutionConfigurationPlatforms) = preSolution
		Debug|Any CPU = Debug|Any CPU
		Release|Any CPU = Release|Any CPU
	EndGlobalSection
	GlobalSection(ProjectConfigurationPlatforms) = postSolution
		{8537D01D-E225-4C1B-B6FD-784C678DE7E7}.Debug|Any CPU.ActiveCfg = Debug|Any CPU
		{8537D01D-E225-4C1B-B6FD-784C678DE7E7}.Debug|Any CPU.Build.0 = Debug|Any CPU
		{8537D01D-E225-4C1B-B6FD-784C678DE7E7}.Release|Any CPU.ActiveCfg = Release|Any CPU
		{8537D01D-E225-4C1B-B6FD-784C678DE7E7}.Release|Any CPU.Build.0 = Release|Any CPU
	EndGlobalSection
	GlobalSection(SolutionProperties) = preSolution
		HideSolutionNode = FALSE
	EndGlobalSection
	GlobalSection(ExtensibilityGlobals) = postSolution
		SolutionGuid = {FFD6D21A-C9CE-4D47-BE3F-48F94AB3FA99}
	EndGlobalSection
EndGlobal
