
Microsoft Visual Studio Solution File, Format Version 12.00
# Visual Studio Version 16
VisualStudioVersion = 16.0.29215.179
MinimumVisualStudioVersion = 10.0.40219.1
Project("{FAE04EC0-301F-11D3-BF4B-00C04F79EFBC}") = "musicstore", "musicstore\musicstore.csproj", "{EA4B4948-7F6C-4074-B33A-BD35278CAF55}"
EndProject
Global
	GlobalSection(SolutionConfigurationPlatforms) = preSolution
		Debug|Any CPU = Debug|Any CPU
		Release|Any CPU = Release|Any CPU
	EndGlobalSection
	GlobalSection(ProjectConfigurationPlatforms) = postSolution
		{EA4B4948-7F6C-4074-B33A-BD35278CAF55}.Debug|Any CPU.ActiveCfg = Debug|Any CPU
		{EA4B4948-7F6C-4074-B33A-BD35278CAF55}.Debug|Any CPU.Build.0 = Debug|Any CPU
		{EA4B4948-7F6C-4074-B33A-BD35278CAF55}.Release|Any CPU.ActiveCfg = Release|Any CPU
		{EA4B4948-7F6C-4074-B33A-BD35278CAF55}.Release|Any CPU.Build.0 = Release|Any CPU
	EndGlobalSection
	GlobalSection(SolutionProperties) = preSolution
		HideSolutionNode = FALSE
	EndGlobalSection
	GlobalSection(ExtensibilityGlobals) = postSolution
		SolutionGuid = {F306C55D-3CB2-42F8-9867-FC699347FF0B}
	EndGlobalSection
EndGlobal
