
Microsoft Visual Studio Solution File, Format Version 12.00
# Visual Studio Version 16
VisualStudioVersion = 16.0.29001.49
MinimumVisualStudioVersion = 10.0.40219.1
Project("{FAE04EC0-301F-11D3-BF4B-00C04F79EFBC}") = "extraPractice", "extraPractice\extraPractice.csproj", "{1F5CECBA-77B4-430C-ADD3-EE9F44049AAA}"
EndProject
Global
	GlobalSection(SolutionConfigurationPlatforms) = preSolution
		Debug|Any CPU = Debug|Any CPU
		Release|Any CPU = Release|Any CPU
	EndGlobalSection
	GlobalSection(ProjectConfigurationPlatforms) = postSolution
		{1F5CECBA-77B4-430C-ADD3-EE9F44049AAA}.Debug|Any CPU.ActiveCfg = Debug|Any CPU
		{1F5CECBA-77B4-430C-ADD3-EE9F44049AAA}.Debug|Any CPU.Build.0 = Debug|Any CPU
		{1F5CECBA-77B4-430C-ADD3-EE9F44049AAA}.Release|Any CPU.ActiveCfg = Release|Any CPU
		{1F5CECBA-77B4-430C-ADD3-EE9F44049AAA}.Release|Any CPU.Build.0 = Release|Any CPU
	EndGlobalSection
	GlobalSection(SolutionProperties) = preSolution
		HideSolutionNode = FALSE
	EndGlobalSection
	GlobalSection(ExtensibilityGlobals) = postSolution
		SolutionGuid = {7E6A6249-E1ED-4E11-B4F5-C2D17BCDD88D}
	EndGlobalSection
EndGlobal
