
Microsoft Visual Studio Solution File, Format Version 12.00
# Visual Studio Version 16
VisualStudioVersion = 16.0.29215.179
MinimumVisualStudioVersion = 10.0.40219.1
Project("{FAE04EC0-301F-11D3-BF4B-00C04F79EFBC}") = "CatDragonInnWebApp", "CatDragonInnWebApp\CatDragonInnWebApp.csproj", "{C240E348-B48D-48C1-9B7E-E933405CFC26}"
EndProject
Global
	GlobalSection(SolutionConfigurationPlatforms) = preSolution
		Debug|Any CPU = Debug|Any CPU
		Release|Any CPU = Release|Any CPU
	EndGlobalSection
	GlobalSection(ProjectConfigurationPlatforms) = postSolution
		{C240E348-B48D-48C1-9B7E-E933405CFC26}.Debug|Any CPU.ActiveCfg = Debug|Any CPU
		{C240E348-B48D-48C1-9B7E-E933405CFC26}.Debug|Any CPU.Build.0 = Debug|Any CPU
		{C240E348-B48D-48C1-9B7E-E933405CFC26}.Release|Any CPU.ActiveCfg = Release|Any CPU
		{C240E348-B48D-48C1-9B7E-E933405CFC26}.Release|Any CPU.Build.0 = Release|Any CPU
	EndGlobalSection
	GlobalSection(SolutionProperties) = preSolution
		HideSolutionNode = FALSE
	EndGlobalSection
	GlobalSection(ExtensibilityGlobals) = postSolution
		SolutionGuid = {8BC24F84-11EE-4D42-B273-BE9946B9DEB9}
	EndGlobalSection
EndGlobal
