
Microsoft Visual Studio Solution File, Format Version 12.00
# Visual Studio Version 16
VisualStudioVersion = 16.0.29001.49
MinimumVisualStudioVersion = 10.0.40219.1
Project("{FAE04EC0-301F-11D3-BF4B-00C04F79EFBC}") = "lab6", "lab6\lab6.csproj", "{8916C208-40D6-4DF2-9526-447658CCD799}"
EndProject
Global
	GlobalSection(SolutionConfigurationPlatforms) = preSolution
		Debug|Any CPU = Debug|Any CPU
		Release|Any CPU = Release|Any CPU
	EndGlobalSection
	GlobalSection(ProjectConfigurationPlatforms) = postSolution
		{8916C208-40D6-4DF2-9526-447658CCD799}.Debug|Any CPU.ActiveCfg = Debug|Any CPU
		{8916C208-40D6-4DF2-9526-447658CCD799}.Debug|Any CPU.Build.0 = Debug|Any CPU
		{8916C208-40D6-4DF2-9526-447658CCD799}.Release|Any CPU.ActiveCfg = Release|Any CPU
		{8916C208-40D6-4DF2-9526-447658CCD799}.Release|Any CPU.Build.0 = Release|Any CPU
	EndGlobalSection
	GlobalSection(SolutionProperties) = preSolution
		HideSolutionNode = FALSE
	EndGlobalSection
	GlobalSection(ExtensibilityGlobals) = postSolution
		SolutionGuid = {B1DD01CD-F212-4449-A635-4C67BC740743}
	EndGlobalSection
EndGlobal
