
Microsoft Visual Studio Solution File, Format Version 12.00
# Visual Studio Version 16
VisualStudioVersion = 16.0.29001.49
MinimumVisualStudioVersion = 10.0.40219.1
Project("{FAE04EC0-301F-11D3-BF4B-00C04F79EFBC}") = "Assgn7GuesstheNumber", "Assgn7GuesstheNumber\Assgn7GuesstheNumber.csproj", "{C7B1D644-4586-4C61-8A1C-9E10C4E92601}"
EndProject
Global
	GlobalSection(SolutionConfigurationPlatforms) = preSolution
		Debug|Any CPU = Debug|Any CPU
		Release|Any CPU = Release|Any CPU
	EndGlobalSection
	GlobalSection(ProjectConfigurationPlatforms) = postSolution
		{C7B1D644-4586-4C61-8A1C-9E10C4E92601}.Debug|Any CPU.ActiveCfg = Debug|Any CPU
		{C7B1D644-4586-4C61-8A1C-9E10C4E92601}.Debug|Any CPU.Build.0 = Debug|Any CPU
		{C7B1D644-4586-4C61-8A1C-9E10C4E92601}.Release|Any CPU.ActiveCfg = Release|Any CPU
		{C7B1D644-4586-4C61-8A1C-9E10C4E92601}.Release|Any CPU.Build.0 = Release|Any CPU
	EndGlobalSection
	GlobalSection(SolutionProperties) = preSolution
		HideSolutionNode = FALSE
	EndGlobalSection
	GlobalSection(ExtensibilityGlobals) = postSolution
		SolutionGuid = {75A45004-C0C3-4D2D-8E1B-09797095E5EC}
	EndGlobalSection
EndGlobal
